Microsoft Visual Studio Solution File, Format Version 11.00
# Visual Studio 2008

Project("{39CA8CF5-E157-05F6-4B5B-4394BC27CAC4}") = "LostElementalist", "Assembly-CSharp-firstpass.csproj", "{E25320C4-A6F3-D1CA-A5E0-7B2EE52F141C}"
EndProject
Project("{39CA8CF5-E157-05F6-4B5B-4394BC27CAC4}") = "LostElementalist", "Assembly-CSharp.csproj", "{560BE2CD-9D92-53A9-6791-B21541487328}"
EndProject
Project("{39CA8CF5-E157-05F6-4B5B-4394BC27CAC4}") = "LostElementalist", "Assembly-CSharp-Editor.csproj", "{D9891FD9-15B1-CBEB-34EB-6AB1DDA352DA}"
EndProject
Project("{39CA8CF5-E157-05F6-4B5B-4394BC27CAC4}") = "LostElementalist", "Assembly-UnityScript.unityproj", "{2769BD4E-58F1-70E4-2FCB-5E02BB7D4F24}"
EndProject
Project("{39CA8CF5-E157-05F6-4B5B-4394BC27CAC4}") = "LostElementalist", "Assembly-UnityScript-Editor.unityproj", "{1486AC09-78CA-FF82-ED40-2507256D086D}"
EndProject
Global
	GlobalSection(SolutionConfigurationPlatforms) = preSolution
		Debug|Any CPU = Debug|Any CPU
		Release|Any CPU = Release|Any CPU
	EndGlobalSection
	GlobalSection(ProjectConfigurationPlatforms) = postSolution
		{E25320C4-A6F3-D1CA-A5E0-7B2EE52F141C}.Debug|Any CPU.ActiveCfg = Debug|Any CPU
		{E25320C4-A6F3-D1CA-A5E0-7B2EE52F141C}.Debug|Any CPU.Build.0 = Debug|Any CPU
		{E25320C4-A6F3-D1CA-A5E0-7B2EE52F141C}.Release|Any CPU.ActiveCfg = Release|Any CPU
		{E25320C4-A6F3-D1CA-A5E0-7B2EE52F141C}.Release|Any CPU.Build.0 = Release|Any CPU
		{560BE2CD-9D92-53A9-6791-B21541487328}.Debug|Any CPU.ActiveCfg = Debug|Any CPU
		{560BE2CD-9D92-53A9-6791-B21541487328}.Debug|Any CPU.Build.0 = Debug|Any CPU
		{560BE2CD-9D92-53A9-6791-B21541487328}.Release|Any CPU.ActiveCfg = Release|Any CPU
		{560BE2CD-9D92-53A9-6791-B21541487328}.Release|Any CPU.Build.0 = Release|Any CPU
		{D9891FD9-15B1-CBEB-34EB-6AB1DDA352DA}.Debug|Any CPU.ActiveCfg = Debug|Any CPU
		{D9891FD9-15B1-CBEB-34EB-6AB1DDA352DA}.Debug|Any CPU.Build.0 = Debug|Any CPU
		{D9891FD9-15B1-CBEB-34EB-6AB1DDA352DA}.Release|Any CPU.ActiveCfg = Release|Any CPU
		{D9891FD9-15B1-CBEB-34EB-6AB1DDA352DA}.Release|Any CPU.Build.0 = Release|Any CPU
		{2769BD4E-58F1-70E4-2FCB-5E02BB7D4F24}.Debug|Any CPU.ActiveCfg = Debug|Any CPU
		{2769BD4E-58F1-70E4-2FCB-5E02BB7D4F24}.Debug|Any CPU.Build.0 = Debug|Any CPU
		{2769BD4E-58F1-70E4-2FCB-5E02BB7D4F24}.Release|Any CPU.ActiveCfg = Release|Any CPU
		{2769BD4E-58F1-70E4-2FCB-5E02BB7D4F24}.Release|Any CPU.Build.0 = Release|Any CPU
		{1486AC09-78CA-FF82-ED40-2507256D086D}.Debug|Any CPU.ActiveCfg = Debug|Any CPU
		{1486AC09-78CA-FF82-ED40-2507256D086D}.Debug|Any CPU.Build.0 = Debug|Any CPU
		{1486AC09-78CA-FF82-ED40-2507256D086D}.Release|Any CPU.ActiveCfg = Release|Any CPU
		{1486AC09-78CA-FF82-ED40-2507256D086D}.Release|Any CPU.Build.0 = Release|Any CPU
	EndGlobalSection
	GlobalSection(SolutionProperties) = preSolution
		HideSolutionNode = FALSE
	EndGlobalSection
																																																																																																																																																						GlobalSection(MonoDevelopProperties) = preSolution
		StartupItem = Assembly-CSharp.csproj
		Policies = $0
		$0.TextStylePolicy = $1
		$1.inheritsSet = null
		$1.scope = text/x-csharp
		$0.CSharpFormattingPolicy = $2
		$2.inheritsSet = Mono
		$2.inheritsScope = text/x-csharp
		$2.scope = text/x-csharp
		$0.TextStylePolicy = $3
		$3.FileWidth = 120
		$3.TabWidth = 4
		$3.IndentWidth = 4
		$3.EolMarker = Unix
		$3.inheritsSet = Mono
		$3.inheritsScope = text/plain
		$3.scope = text/plain
	EndGlobalSection

EndGlobal
